// !$*UTF8*$!
{
	archiveVersion = 1;
	classes = {
	};
	objectVersion = 55;
	objects = {

/* Begin PBXBuildFile section */
		D41299F92734E1DC00DBA6B9 /* OtakApp.swift in Sources */ = {isa = PBXBuildFile; fileRef = D41299F82734E1DC00DBA6B9 /* OtakApp.swift */; };
		D41299FB2734E1DC00DBA6B9 /* ContentView.swift in Sources */ = {isa = PBXBuildFile; fileRef = D41299FA2734E1DC00DBA6B9 /* ContentView.swift */; };
		D41299FD2734E1DD00DBA6B9 /* Assets.xcassets in Resources */ = {isa = PBXBuildFile; fileRef = D41299FC2734E1DD00DBA6B9 /* Assets.xcassets */; };
		D4129A002734E1DD00DBA6B9 /* Preview Assets.xcassets in Resources */ = {isa = PBXBuildFile; fileRef = D41299FF2734E1DD00DBA6B9 /* Preview Assets.xcassets */; };
		D4228F182736100000E1FFBA /* VisibilityControlView.swift in Sources */ = {isa = PBXBuildFile; fileRef = D4228F172736100000E1FFBA /* VisibilityControlView.swift */; };
		D4228F1A2736103300E1FFBA /* VisibilityView.swift in Sources */ = {isa = PBXBuildFile; fileRef = D4228F192736103300E1FFBA /* VisibilityView.swift */; };
		D46C3D6B2734E31E0004AE0B /* ArenaScene.swift in Sources */ = {isa = PBXBuildFile; fileRef = D46C3D6A2734E31E0004AE0B /* ArenaScene.swift */; };
		D46C3D6E27352F580004AE0B /* NavigationView.swift in Sources */ = {isa = PBXBuildFile; fileRef = D46C3D6D27352F580004AE0B /* NavigationView.swift */; };
		D46C3D742735337A0004AE0B /* SpriteLayerScrollView.swift in Sources */ = {isa = PBXBuildFile; fileRef = D46C3D732735337A0004AE0B /* SpriteLayerScrollView.swift */; };
		D46C3D76273534CA0004AE0B /* AddLayerButtonView.swift in Sources */ = {isa = PBXBuildFile; fileRef = D46C3D75273534CA0004AE0B /* AddLayerButtonView.swift */; };
		D46C3D7827353B0B0004AE0B /* SpriteLayerView.swift in Sources */ = {isa = PBXBuildFile; fileRef = D46C3D7727353B0B0004AE0B /* SpriteLayerView.swift */; };
		D46C3D7A2735CD750004AE0B /* DisplayCycle.swift in Sources */ = {isa = PBXBuildFile; fileRef = D46C3D792735CD750004AE0B /* DisplayCycle.swift */; };
		D46C3D7C2735CE000004AE0B /* SpritePool.swift in Sources */ = {isa = PBXBuildFile; fileRef = D46C3D7B2735CE000004AE0B /* SpritePool.swift */; };
		D46C3D7E2735CE1B0004AE0B /* SceneDispatch.swift in Sources */ = {isa = PBXBuildFile; fileRef = D46C3D7D2735CE1B0004AE0B /* SceneDispatch.swift */; };
		D46C3D812735CF030004AE0B /* Deque.swift in Sources */ = {isa = PBXBuildFile; fileRef = D46C3D802735CF030004AE0B /* Deque.swift */; };
		D46C3D852735CF0E0004AE0B /* Overload2D.swift in Sources */ = {isa = PBXBuildFile; fileRef = D46C3D822735CF0E0004AE0B /* Overload2D.swift */; };
		D46C3D862735CF0E0004AE0B /* GridPoint.swift in Sources */ = {isa = PBXBuildFile; fileRef = D46C3D832735CF0E0004AE0B /* GridPoint.swift */; };
		D46C3D872735CF0E0004AE0B /* TriangleFormulae.swift in Sources */ = {isa = PBXBuildFile; fileRef = D46C3D842735CF0E0004AE0B /* TriangleFormulae.swift */; };
		D46C3D892735CF350004AE0B /* Extensions.swift in Sources */ = {isa = PBXBuildFile; fileRef = D46C3D882735CF350004AE0B /* Extensions.swift */; };
		D4C309B62735D8D100F326D8 /* SpinnerSettings.swift in Sources */ = {isa = PBXBuildFile; fileRef = D4C309B52735D8D100F326D8 /* SpinnerSettings.swift */; };
		D4C309BA2735F77A00F326D8 /* SpriteLayer.swift in Sources */ = {isa = PBXBuildFile; fileRef = D4C309B92735F77A00F326D8 /* SpriteLayer.swift */; };
/* End PBXBuildFile section */

/* Begin PBXFileReference section */
		D41299F52734E1DC00DBA6B9 /* Otak.app */ = {isa = PBXFileReference; explicitFileType = wrapper.application; includeInIndex = 0; path = Otak.app; sourceTree = BUILT_PRODUCTS_DIR; };
		D41299F82734E1DC00DBA6B9 /* OtakApp.swift */ = {isa = PBXFileReference; lastKnownFileType = sourcecode.swift; path = OtakApp.swift; sourceTree = "<group>"; };
		D41299FA2734E1DC00DBA6B9 /* ContentView.swift */ = {isa = PBXFileReference; lastKnownFileType = sourcecode.swift; path = ContentView.swift; sourceTree = "<group>"; };
		D41299FC2734E1DD00DBA6B9 /* Assets.xcassets */ = {isa = PBXFileReference; lastKnownFileType = folder.assetcatalog; path = Assets.xcassets; sourceTree = "<group>"; };
		D41299FF2734E1DD00DBA6B9 /* Preview Assets.xcassets */ = {isa = PBXFileReference; lastKnownFileType = folder.assetcatalog; path = "Preview Assets.xcassets"; sourceTree = "<group>"; };
		D4129A012734E1DD00DBA6B9 /* Otak.entitlements */ = {isa = PBXFileReference; lastKnownFileType = text.plist.entitlements; path = Otak.entitlements; sourceTree = "<group>"; };
		D4228F172736100000E1FFBA /* VisibilityControlView.swift */ = {isa = PBXFileReference; fileEncoding = 4; lastKnownFileType = sourcecode.swift; path = VisibilityControlView.swift; sourceTree = "<group>"; };
		D4228F192736103300E1FFBA /* VisibilityView.swift */ = {isa = PBXFileReference; fileEncoding = 4; lastKnownFileType = sourcecode.swift; path = VisibilityView.swift; sourceTree = "<group>"; };
		D46C3D6A2734E31E0004AE0B /* ArenaScene.swift */ = {isa = PBXFileReference; fileEncoding = 4; lastKnownFileType = sourcecode.swift; path = ArenaScene.swift; sourceTree = "<group>"; };
		D46C3D6D27352F580004AE0B /* NavigationView.swift */ = {isa = PBXFileReference; lastKnownFileType = sourcecode.swift; path = NavigationView.swift; sourceTree = "<group>"; };
		D46C3D732735337A0004AE0B /* SpriteLayerScrollView.swift */ = {isa = PBXFileReference; lastKnownFileType = sourcecode.swift; path = SpriteLayerScrollView.swift; sourceTree = "<group>"; };
		D46C3D75273534CA0004AE0B /* AddLayerButtonView.swift */ = {isa = PBXFileReference; lastKnownFileType = sourcecode.swift; path = AddLayerButtonView.swift; sourceTree = "<group>"; };
		D46C3D7727353B0B0004AE0B /* SpriteLayerView.swift */ = {isa = PBXFileReference; lastKnownFileType = sourcecode.swift; path = SpriteLayerView.swift; sourceTree = "<group>"; };
		D46C3D792735CD750004AE0B /* DisplayCycle.swift */ = {isa = PBXFileReference; lastKnownFileType = sourcecode.swift; path = DisplayCycle.swift; sourceTree = "<group>"; };
		D46C3D7B2735CE000004AE0B /* SpritePool.swift */ = {isa = PBXFileReference; fileEncoding = 4; lastKnownFileType = sourcecode.swift; path = SpritePool.swift; sourceTree = "<group>"; };
		D46C3D7D2735CE1B0004AE0B /* SceneDispatch.swift */ = {isa = PBXFileReference; fileEncoding = 4; lastKnownFileType = sourcecode.swift; path = SceneDispatch.swift; sourceTree = "<group>"; };
		D46C3D802735CF030004AE0B /* Deque.swift */ = {isa = PBXFileReference; fileEncoding = 4; lastKnownFileType = sourcecode.swift; path = Deque.swift; sourceTree = "<group>"; };
		D46C3D822735CF0E0004AE0B /* Overload2D.swift */ = {isa = PBXFileReference; fileEncoding = 4; lastKnownFileType = sourcecode.swift; path = Overload2D.swift; sourceTree = "<group>"; };
		D46C3D832735CF0E0004AE0B /* GridPoint.swift */ = {isa = PBXFileReference; fileEncoding = 4; lastKnownFileType = sourcecode.swift; path = GridPoint.swift; sourceTree = "<group>"; };
		D46C3D842735CF0E0004AE0B /* TriangleFormulae.swift */ = {isa = PBXFileReference; fileEncoding = 4; lastKnownFileType = sourcecode.swift; path = TriangleFormulae.swift; sourceTree = "<group>"; };
		D46C3D882735CF350004AE0B /* Extensions.swift */ = {isa = PBXFileReference; lastKnownFileType = sourcecode.swift; path = Extensions.swift; sourceTree = "<group>"; };
		D4C309B32735D8A500F326D8 /* Spinner.swift */ = {isa = PBXFileReference; fileEncoding = 4; lastKnownFileType = sourcecode.swift; path = Spinner.swift; sourceTree = "<group>"; };
		D4C309B52735D8D100F326D8 /* SpinnerSettings.swift */ = {isa = PBXFileReference; fileEncoding = 4; lastKnownFileType = sourcecode.swift; path = SpinnerSettings.swift; sourceTree = "<group>"; };
		D4C309B92735F77A00F326D8 /* SpriteLayer.swift */ = {isa = PBXFileReference; lastKnownFileType = sourcecode.swift; path = SpriteLayer.swift; sourceTree = "<group>"; };
/* End PBXFileReference section */

/* Begin PBXFrameworksBuildPhase section */
		D41299F22734E1DC00DBA6B9 /* Frameworks */ = {
			isa = PBXFrameworksBuildPhase;
			buildActionMask = 2147483647;
			files = (
			);
			runOnlyForDeploymentPostprocessing = 0;
		};
/* End PBXFrameworksBuildPhase section */

/* Begin PBXGroup section */
		D41299EC2734E1DC00DBA6B9 = {
			isa = PBXGroup;
			children = (
				D46C3D682734E2F70004AE0B /* Source */,
				D41299F72734E1DC00DBA6B9 /* Otak */,
				D41299F62734E1DC00DBA6B9 /* Products */,
			);
			sourceTree = "<group>";
		};
		D41299F62734E1DC00DBA6B9 /* Products */ = {
			isa = PBXGroup;
			children = (
				D41299F52734E1DC00DBA6B9 /* Otak.app */,
			);
			name = Products;
			sourceTree = "<group>";
		};
		D41299F72734E1DC00DBA6B9 /* Otak */ = {
			isa = PBXGroup;
			children = (
				D41299FA2734E1DC00DBA6B9 /* ContentView.swift */,
				D41299F82734E1DC00DBA6B9 /* OtakApp.swift */,
				D4C309B32735D8A500F326D8 /* Spinner.swift */,
				D4C309B52735D8D100F326D8 /* SpinnerSettings.swift */,
				D4C309B92735F77A00F326D8 /* SpriteLayer.swift */,
				D41299FC2734E1DD00DBA6B9 /* Assets.xcassets */,
				D4129A012734E1DD00DBA6B9 /* Otak.entitlements */,
				D41299FE2734E1DD00DBA6B9 /* Preview Content */,
			);
			path = Otak;
			sourceTree = "<group>";
		};
		D41299FE2734E1DD00DBA6B9 /* Preview Content */ = {
			isa = PBXGroup;
			children = (
				D41299FF2734E1DD00DBA6B9 /* Preview Assets.xcassets */,
			);
			path = "Preview Content";
			sourceTree = "<group>";
		};
		D46C3D682734E2F70004AE0B /* Source */ = {
			isa = PBXGroup;
			children = (
				D46C3D7F2735CE950004AE0B /* NutsNBolts */,
				D46C3D692734E2FF0004AE0B /* SpriteKit */,
				D46C3D6C27352F380004AE0B /* Views */,
			);
			path = Source;
			sourceTree = "<group>";
		};
		D46C3D692734E2FF0004AE0B /* SpriteKit */ = {
			isa = PBXGroup;
			children = (
				D46C3D6A2734E31E0004AE0B /* ArenaScene.swift */,
				D46C3D792735CD750004AE0B /* DisplayCycle.swift */,
				D46C3D7D2735CE1B0004AE0B /* SceneDispatch.swift */,
				D46C3D7B2735CE000004AE0B /* SpritePool.swift */,
			);
			path = SpriteKit;
			sourceTree = "<group>";
		};
		D46C3D6C27352F380004AE0B /* Views */ = {
			isa = PBXGroup;
			children = (
				D46C3D75273534CA0004AE0B /* AddLayerButtonView.swift */,
				D46C3D6D27352F580004AE0B /* NavigationView.swift */,
				D46C3D732735337A0004AE0B /* SpriteLayerScrollView.swift */,
				D46C3D7727353B0B0004AE0B /* SpriteLayerView.swift */,
				D4228F172736100000E1FFBA /* VisibilityControlView.swift */,
				D4228F192736103300E1FFBA /* VisibilityView.swift */,
			);
			path = Views;
			sourceTree = "<group>";
		};
		D46C3D7F2735CE950004AE0B /* NutsNBolts */ = {
			isa = PBXGroup;
			children = (
				D46C3D802735CF030004AE0B /* Deque.swift */,
				D46C3D882735CF350004AE0B /* Extensions.swift */,
				D46C3D832735CF0E0004AE0B /* GridPoint.swift */,
				D46C3D822735CF0E0004AE0B /* Overload2D.swift */,
				D46C3D842735CF0E0004AE0B /* TriangleFormulae.swift */,
			);
			path = NutsNBolts;
			sourceTree = "<group>";
		};
/* End PBXGroup section */

/* Begin PBXNativeTarget section */
		D41299F42734E1DC00DBA6B9 /* Otak */ = {
			isa = PBXNativeTarget;
			buildConfigurationList = D4129A042734E1DD00DBA6B9 /* Build configuration list for PBXNativeTarget "Otak" */;
			buildPhases = (
				D41299F12734E1DC00DBA6B9 /* Sources */,
				D41299F22734E1DC00DBA6B9 /* Frameworks */,
				D41299F32734E1DC00DBA6B9 /* Resources */,
			);
			buildRules = (
			);
			dependencies = (
			);
			name = Otak;
			productName = Otak;
			productReference = D41299F52734E1DC00DBA6B9 /* Otak.app */;
			productType = "com.apple.product-type.application";
		};
/* End PBXNativeTarget section */

/* Begin PBXProject section */
		D41299ED2734E1DC00DBA6B9 /* Project object */ = {
			isa = PBXProject;
			attributes = {
				BuildIndependentTargetsInParallel = 1;
				LastSwiftUpdateCheck = 1310;
				LastUpgradeCheck = 1310;
				TargetAttributes = {
					D41299F42734E1DC00DBA6B9 = {
						CreatedOnToolsVersion = 13.1;
					};
				};
			};
			buildConfigurationList = D41299F02734E1DC00DBA6B9 /* Build configuration list for PBXProject "Otak" */;
			compatibilityVersion = "Xcode 13.0";
			developmentRegion = en;
			hasScannedForEncodings = 0;
			knownRegions = (
				en,
				Base,
			);
			mainGroup = D41299EC2734E1DC00DBA6B9;
			productRefGroup = D41299F62734E1DC00DBA6B9 /* Products */;
			projectDirPath = "";
			projectRoot = "";
			targets = (
				D41299F42734E1DC00DBA6B9 /* Otak */,
			);
		};
/* End PBXProject section */

/* Begin PBXResourcesBuildPhase section */
		D41299F32734E1DC00DBA6B9 /* Resources */ = {
			isa = PBXResourcesBuildPhase;
			buildActionMask = 2147483647;
			files = (
				D4129A002734E1DD00DBA6B9 /* Preview Assets.xcassets in Resources */,
				D41299FD2734E1DD00DBA6B9 /* Assets.xcassets in Resources */,
			);
			runOnlyForDeploymentPostprocessing = 0;
		};
/* End PBXResourcesBuildPhase section */

/* Begin PBXSourcesBuildPhase section */
		D41299F12734E1DC00DBA6B9 /* Sources */ = {
			isa = PBXSourcesBuildPhase;
			buildActionMask = 2147483647;
			files = (
				D46C3D742735337A0004AE0B /* SpriteLayerScrollView.swift in Sources */,
				D41299FB2734E1DC00DBA6B9 /* ContentView.swift in Sources */,
				D4228F182736100000E1FFBA /* VisibilityControlView.swift in Sources */,
				D46C3D812735CF030004AE0B /* Deque.swift in Sources */,
				D46C3D7E2735CE1B0004AE0B /* SceneDispatch.swift in Sources */,
				D46C3D7A2735CD750004AE0B /* DisplayCycle.swift in Sources */,
				D41299F92734E1DC00DBA6B9 /* OtakApp.swift in Sources */,
				D4C309B62735D8D100F326D8 /* SpinnerSettings.swift in Sources */,
				D46C3D862735CF0E0004AE0B /* GridPoint.swift in Sources */,
				D46C3D76273534CA0004AE0B /* AddLayerButtonView.swift in Sources */,
				D46C3D872735CF0E0004AE0B /* TriangleFormulae.swift in Sources */,
				D4C309BA2735F77A00F326D8 /* SpriteLayer.swift in Sources */,
				D4228F1A2736103300E1FFBA /* VisibilityView.swift in Sources */,
				D46C3D6E27352F580004AE0B /* NavigationView.swift in Sources */,
				D46C3D7C2735CE000004AE0B /* SpritePool.swift in Sources */,
				D46C3D892735CF350004AE0B /* Extensions.swift in Sources */,
				D46C3D6B2734E31E0004AE0B /* ArenaScene.swift in Sources */,
				D46C3D852735CF0E0004AE0B /* Overload2D.swift in Sources */,
				D46C3D7827353B0B0004AE0B /* SpriteLayerView.swift in Sources */,
			);
			runOnlyForDeploymentPostprocessing = 0;
		};
/* End PBXSourcesBuildPhase section */

/* Begin XCBuildConfiguration section */
		D4129A022734E1DD00DBA6B9 /* Debug */ = {
			isa = XCBuildConfiguration;
			buildSettings = {
				ALWAYS_SEARCH_USER_PATHS = NO;
				CLANG_ANALYZER_NONNULL = YES;
				CLANG_ANALYZER_NUMBER_OBJECT_CONVERSION = YES_AGGRESSIVE;
				CLANG_CXX_LANGUAGE_STANDARD = "gnu++17";
				CLANG_CXX_LIBRARY = "libc++";
				CLANG_ENABLE_MODULES = YES;
				CLANG_ENABLE_OBJC_ARC = YES;
				CLANG_ENABLE_OBJC_WEAK = YES;
				CLANG_WARN_BLOCK_CAPTURE_AUTORELEASING = YES;
				CLANG_WARN_BOOL_CONVERSION = YES;
				CLANG_WARN_COMMA = YES;
				CLANG_WARN_CONSTANT_CONVERSION = YES;
				CLANG_WARN_DEPRECATED_OBJC_IMPLEMENTATIONS = YES;
				CLANG_WARN_DIRECT_OBJC_ISA_USAGE = YES_ERROR;
				CLANG_WARN_DOCUMENTATION_COMMENTS = YES;
				CLANG_WARN_EMPTY_BODY = YES;
				CLANG_WARN_ENUM_CONVERSION = YES;
				CLANG_WARN_INFINITE_RECURSION = YES;
				CLANG_WARN_INT_CONVERSION = YES;
				CLANG_WARN_NON_LITERAL_NULL_CONVERSION = YES;
				CLANG_WARN_OBJC_IMPLICIT_RETAIN_SELF = YES;
				CLANG_WARN_OBJC_LITERAL_CONVERSION = YES;
				CLANG_WARN_OBJC_ROOT_CLASS = YES_ERROR;
				CLANG_WARN_QUOTED_INCLUDE_IN_FRAMEWORK_HEADER = YES;
				CLANG_WARN_RANGE_LOOP_ANALYSIS = YES;
				CLANG_WARN_STRICT_PROTOTYPES = YES;
				CLANG_WARN_SUSPICIOUS_MOVE = YES;
				CLANG_WARN_UNGUARDED_AVAILABILITY = YES_AGGRESSIVE;
				CLANG_WARN_UNREACHABLE_CODE = YES;
				CLANG_WARN__DUPLICATE_METHOD_MATCH = YES;
				COPY_PHASE_STRIP = NO;
				DEBUG_INFORMATION_FORMAT = dwarf;
				ENABLE_STRICT_OBJC_MSGSEND = YES;
				ENABLE_TESTABILITY = YES;
				GCC_C_LANGUAGE_STANDARD = gnu11;
				GCC_DYNAMIC_NO_PIC = NO;
				GCC_NO_COMMON_BLOCKS = YES;
				GCC_OPTIMIZATION_LEVEL = 0;
				GCC_PREPROCESSOR_DEFINITIONS = (
					"DEBUG=1",
					"$(inherited)",
				);
				GCC_WARN_64_TO_32_BIT_CONVERSION = YES;
				GCC_WARN_ABOUT_RETURN_TYPE = YES_ERROR;
				GCC_WARN_UNDECLARED_SELECTOR = YES;
				GCC_WARN_UNINITIALIZED_AUTOS = YES_AGGRESSIVE;
				GCC_WARN_UNUSED_FUNCTION = YES;
				GCC_WARN_UNUSED_VARIABLE = YES;
				MACOSX_DEPLOYMENT_TARGET = 12.0;
				MTL_ENABLE_DEBUG_INFO = INCLUDE_SOURCE;
				MTL_FAST_MATH = YES;
				ONLY_ACTIVE_ARCH = YES;
				SDKROOT = macosx;
				SWIFT_ACTIVE_COMPILATION_CONDITIONS = DEBUG;
				SWIFT_OPTIMIZATION_LEVEL = "-Onone";
			};
			name = Debug;
		};
		D4129A032734E1DD00DBA6B9 /* Release */ = {
			isa = XCBuildConfiguration;
			buildSettings = {
				ALWAYS_SEARCH_USER_PATHS = NO;
				CLANG_ANALYZER_NONNULL = YES;
				CLANG_ANALYZER_NUMBER_OBJECT_CONVERSION = YES_AGGRESSIVE;
				CLANG_CXX_LANGUAGE_STANDARD = "gnu++17";
				CLANG_CXX_LIBRARY = "libc++";
				CLANG_ENABLE_MODULES = YES;
				CLANG_ENABLE_OBJC_ARC = YES;
				CLANG_ENABLE_OBJC_WEAK = YES;
				CLANG_WARN_BLOCK_CAPTURE_AUTORELEASING = YES;
				CLANG_WARN_BOOL_CONVERSION = YES;
				CLANG_WARN_COMMA = YES;
				CLANG_WARN_CONSTANT_CONVERSION = YES;
				CLANG_WARN_DEPRECATED_OBJC_IMPLEMENTATIONS = YES;
				CLANG_WARN_DIRECT_OBJC_ISA_USAGE = YES_ERROR;
				CLANG_WARN_DOCUMENTATION_COMMENTS = YES;
				CLANG_WARN_EMPTY_BODY = YES;
				CLANG_WARN_ENUM_CONVERSION = YES;
				CLANG_WARN_INFINITE_RECURSION = YES;
				CLANG_WARN_INT_CONVERSION = YES;
				CLANG_WARN_NON_LITERAL_NULL_CONVERSION = YES;
				CLANG_WARN_OBJC_IMPLICIT_RETAIN_SELF = YES;
				CLANG_WARN_OBJC_LITERAL_CONVERSION = YES;
				CLANG_WARN_OBJC_ROOT_CLASS = YES_ERROR;
				CLANG_WARN_QUOTED_INCLUDE_IN_FRAMEWORK_HEADER = YES;
				CLANG_WARN_RANGE_LOOP_ANALYSIS = YES;
				CLANG_WARN_STRICT_PROTOTYPES = YES;
				CLANG_WARN_SUSPICIOUS_MOVE = YES;
				CLANG_WARN_UNGUARDED_AVAILABILITY = YES_AGGRESSIVE;
				CLANG_WARN_UNREACHABLE_CODE = YES;
				CLANG_WARN__DUPLICATE_METHOD_MATCH = YES;
				COPY_PHASE_STRIP = NO;
				DEBUG_INFORMATION_FORMAT = "dwarf-with-dsym";
				ENABLE_NS_ASSERTIONS = NO;
				ENABLE_STRICT_OBJC_MSGSEND = YES;
				GCC_C_LANGUAGE_STANDARD = gnu11;
				GCC_NO_COMMON_BLOCKS = YES;
				GCC_WARN_64_TO_32_BIT_CONVERSION = YES;
				GCC_WARN_ABOUT_RETURN_TYPE = YES_ERROR;
				GCC_WARN_UNDECLARED_SELECTOR = YES;
				GCC_WARN_UNINITIALIZED_AUTOS = YES_AGGRESSIVE;
				GCC_WARN_UNUSED_FUNCTION = YES;
				GCC_WARN_UNUSED_VARIABLE = YES;
				MACOSX_DEPLOYMENT_TARGET = 12.0;
				MTL_ENABLE_DEBUG_INFO = NO;
				MTL_FAST_MATH = YES;
				SDKROOT = macosx;
				SWIFT_COMPILATION_MODE = wholemodule;
				SWIFT_OPTIMIZATION_LEVEL = "-O";
			};
			name = Release;
		};
		D4129A052734E1DD00DBA6B9 /* Debug */ = {
			isa = XCBuildConfiguration;
			buildSettings = {
				ASSETCATALOG_COMPILER_APPICON_NAME = AppIcon;
				ASSETCATALOG_COMPILER_GLOBAL_ACCENT_COLOR_NAME = AccentColor;
				CODE_SIGN_ENTITLEMENTS = Otak/Otak.entitlements;
				CODE_SIGN_STYLE = Automatic;
				COMBINE_HIDPI_IMAGES = YES;
				CURRENT_PROJECT_VERSION = 1;
				DEVELOPMENT_ASSET_PATHS = "\"Otak/Preview Content\"";
				DEVELOPMENT_TEAM = DD983V4X84;
				ENABLE_HARDENED_RUNTIME = YES;
				ENABLE_PREVIEWS = YES;
				GENERATE_INFOPLIST_FILE = YES;
				INFOPLIST_KEY_NSHumanReadableCopyright = "";
				LD_RUNPATH_SEARCH_PATHS = (
					"$(inherited)",
					"@executable_path/../Frameworks",
				);
				MARKETING_VERSION = 1.0;
				PRODUCT_BUNDLE_IDENTIFIER = com.boringsoftware.Otak;
				PRODUCT_NAME = "$(TARGET_NAME)";
				SWIFT_EMIT_LOC_STRINGS = YES;
				SWIFT_VERSION = 5.0;
			};
			name = Debug;
		};
		D4129A062734E1DD00DBA6B9 /* Release */ = {
			isa = XCBuildConfiguration;
			buildSettings = {
				ASSETCATALOG_COMPILER_APPICON_NAME = AppIcon;
				ASSETCATALOG_COMPILER_GLOBAL_ACCENT_COLOR_NAME = AccentColor;
				CODE_SIGN_ENTITLEMENTS = Otak/Otak.entitlements;
				CODE_SIGN_STYLE = Automatic;
				COMBINE_HIDPI_IMAGES = YES;
				CURRENT_PROJECT_VERSION = 1;
				DEVELOPMENT_ASSET_PATHS = "\"Otak/Preview Content\"";
				DEVELOPMENT_TEAM = DD983V4X84;
				ENABLE_HARDENED_RUNTIME = YES;
				ENABLE_PREVIEWS = YES;
				GENERATE_INFOPLIST_FILE = YES;
				INFOPLIST_KEY_NSHumanReadableCopyright = "";
				LD_RUNPATH_SEARCH_PATHS = (
					"$(inherited)",
					"@executable_path/../Frameworks",
				);
				MARKETING_VERSION = 1.0;
				PRODUCT_BUNDLE_IDENTIFIER = com.boringsoftware.Otak;
				PRODUCT_NAME = "$(TARGET_NAME)";
				SWIFT_EMIT_LOC_STRINGS = YES;
				SWIFT_VERSION = 5.0;
			};
			name = Release;
		};
/* End XCBuildConfiguration section */

/* Begin XCConfigurationList section */
		D41299F02734E1DC00DBA6B9 /* Build configuration list for PBXProject "Otak" */ = {
			isa = XCConfigurationList;
			buildConfigurations = (
				D4129A022734E1DD00DBA6B9 /* Debug */,
				D4129A032734E1DD00DBA6B9 /* Release */,
			);
			defaultConfigurationIsVisible = 0;
			defaultConfigurationName = Release;
		};
		D4129A042734E1DD00DBA6B9 /* Build configuration list for PBXNativeTarget "Otak" */ = {
			isa = XCConfigurationList;
			buildConfigurations = (
				D4129A052734E1DD00DBA6B9 /* Debug */,
				D4129A062734E1DD00DBA6B9 /* Release */,
			);
			defaultConfigurationIsVisible = 0;
			defaultConfigurationName = Release;
		};
/* End XCConfigurationList section */
	};
	rootObject = D41299ED2734E1DC00DBA6B9 /* Project object */;
}
